
Microsoft Visual Studio Solution File, Format Version 12.00
# Visual Studio Version 17
VisualStudioVersion = 17.13.35931.197
MinimumVisualStudioVersion = 10.0.40219.1
Project("{FAE04EC0-301F-11D3-BF4B-00C04F79EFBC}") = "REST_API", "REST_API.csproj", "{80AADE2C-6976-4E89-B4D0-DDC80AFB89FF}"
EndProject
Global
	GlobalSection(SolutionConfigurationPlatforms) = preSolution
		Debug|Any CPU = Debug|Any CPU
		Release|Any CPU = Release|Any CPU
	EndGlobalSection
	GlobalSection(ProjectConfigurationPlatforms) = postSolution
		{80AADE2C-6976-4E89-B4D0-DDC80AFB89FF}.Debug|Any CPU.ActiveCfg = Debug|Any CPU
		{80AADE2C-6976-4E89-B4D0-DDC80AFB89FF}.Debug|Any CPU.Build.0 = Debug|Any CPU
		{80AADE2C-6976-4E89-B4D0-DDC80AFB89FF}.Release|Any CPU.ActiveCfg = Release|Any CPU
		{80AADE2C-6976-4E89-B4D0-DDC80AFB89FF}.Release|Any CPU.Build.0 = Release|Any CPU
	EndGlobalSection
	GlobalSection(SolutionProperties) = preSolution
		HideSolutionNode = FALSE
	EndGlobalSection
	GlobalSection(ExtensibilityGlobals) = postSolution
		SolutionGuid = {14C98524-D534-4064-85F2-0A869153AEDB}
	EndGlobalSection
EndGlobal
